
Microsoft Visual Studio Solution File, Format Version 12.00
# Visual Studio Version 17
VisualStudioVersion = 17.4.33205.214
MinimumVisualStudioVersion = 10.0.40219.1
Project("{FAE04EC0-301F-11D3-BF4B-00C04F79EFBC}") = "Регулярные выражения", "Регулярные выражения\Регулярные выражения.csproj", "{27041CF7-4DCE-4BAF-BDEB-123A6649AFEA}"
EndProject
Global
	GlobalSection(SolutionConfigurationPlatforms) = preSolution
		Debug|Any CPU = Debug|Any CPU
		Release|Any CPU = Release|Any CPU
	EndGlobalSection
	GlobalSection(ProjectConfigurationPlatforms) = postSolution
		{27041CF7-4DCE-4BAF-BDEB-123A6649AFEA}.Debug|Any CPU.ActiveCfg = Debug|Any CPU
		{27041CF7-4DCE-4BAF-BDEB-123A6649AFEA}.Debug|Any CPU.Build.0 = Debug|Any CPU
		{27041CF7-4DCE-4BAF-BDEB-123A6649AFEA}.Release|Any CPU.ActiveCfg = Release|Any CPU
		{27041CF7-4DCE-4BAF-BDEB-123A6649AFEA}.Release|Any CPU.Build.0 = Release|Any CPU
	EndGlobalSection
	GlobalSection(SolutionProperties) = preSolution
		HideSolutionNode = FALSE
	EndGlobalSection
	GlobalSection(ExtensibilityGlobals) = postSolution
		SolutionGuid = {EFC029EC-8448-4A87-996C-A6695B845F65}
	EndGlobalSection
EndGlobal
